// !$*UTF8*$!
{
	archiveVersion = 1;
	classes = {
	};
	objectVersion = 46;
	objects = {

/* Begin PBXBuildFile section */
		0E2178C551BDF5BD3B77B762 /* libPods.a in Frameworks */ = {isa = PBXBuildFile; fileRef = F28CEAEB145A66F234F3E7E8 /* libPods.a */; };
		B09B26291BDDE56E0053C595 /* main.m in Sources */ = {isa = PBXBuildFile; fileRef = B09B26281BDDE56E0053C595 /* main.m */; };
		B09B262C1BDDE56E0053C595 /* AppDelegate.m in Sources */ = {isa = PBXBuildFile; fileRef = B09B262B1BDDE56E0053C595 /* AppDelegate.m */; };
		B09B26321BDDE56E0053C595 /* Main.storyboard in Resources */ = {isa = PBXBuildFile; fileRef = B09B26301BDDE56E0053C595 /* Main.storyboard */; };
		B09B26341BDDE56E0053C595 /* Assets.xcassets in Resources */ = {isa = PBXBuildFile; fileRef = B09B26331BDDE56E0053C595 /* Assets.xcassets */; };
		B09B26371BDDE56E0053C595 /* LaunchScreen.storyboard in Resources */ = {isa = PBXBuildFile; fileRef = B09B26351BDDE56E0053C595 /* LaunchScreen.storyboard */; };
		B09B26421BDDE56E0053C595 /* AirbrowzTests.m in Sources */ = {isa = PBXBuildFile; fileRef = B09B26411BDDE56E0053C595 /* AirbrowzTests.m */; };
		B09B264D1BDDE56E0053C595 /* AirbrowzUITests.m in Sources */ = {isa = PBXBuildFile; fileRef = B09B264C1BDDE56E0053C595 /* AirbrowzUITests.m */; };
		B09B265D1BDDF27C0053C595 /* MasterViewController.m in Sources */ = {isa = PBXBuildFile; fileRef = B09B265C1BDDF27C0053C595 /* MasterViewController.m */; };
		B09B26611BDE0BBF0053C595 /* DealTableViewCell.m in Sources */ = {isa = PBXBuildFile; fileRef = B09B26601BDE0BBF0053C595 /* DealTableViewCell.m */; };
		B09B26671BDEBF6C0053C595 /* CategoryCollectionViewCell.m in Sources */ = {isa = PBXBuildFile; fileRef = B09B26661BDEBF6C0053C595 /* CategoryCollectionViewCell.m */; };
		B09BB5421BE02F2E00E02FB3 /* CoreLocation.framework in Frameworks */ = {isa = PBXBuildFile; fileRef = B09BB5411BE02F2E00E02FB3 /* CoreLocation.framework */; };
		B09BB5451BE0722D00E02FB3 /* AirbrowzCommons.m in Sources */ = {isa = PBXBuildFile; fileRef = B09BB5441BE0722D00E02FB3 /* AirbrowzCommons.m */; };
/* End PBXBuildFile section */

/* Begin PBXContainerItemProxy section */
		B09B263E1BDDE56E0053C595 /* PBXContainerItemProxy */ = {
			isa = PBXContainerItemProxy;
			containerPortal = B09B261C1BDDE56E0053C595 /* Project object */;
			proxyType = 1;
			remoteGlobalIDString = B09B26231BDDE56E0053C595;
			remoteInfo = Airbrowz;
		};
		B09B26491BDDE56E0053C595 /* PBXContainerItemProxy */ = {
			isa = PBXContainerItemProxy;
			containerPortal = B09B261C1BDDE56E0053C595 /* Project object */;
			proxyType = 1;
			remoteGlobalIDString = B09B26231BDDE56E0053C595;
			remoteInfo = Airbrowz;
		};
/* End PBXContainerItemProxy section */

/* Begin PBXFileReference section */
		2677D31B8F0637ADFB7B794E /* Pods.release.xcconfig */ = {isa = PBXFileReference; includeInIndex = 1; lastKnownFileType = text.xcconfig; name = Pods.release.xcconfig; path = "Pods/Target Support Files/Pods/Pods.release.xcconfig"; sourceTree = "<group>"; };
		72D07EBCB1B25260B242B8AA /* Pods.debug.xcconfig */ = {isa = PBXFileReference; includeInIndex = 1; lastKnownFileType = text.xcconfig; name = Pods.debug.xcconfig; path = "Pods/Target Support Files/Pods/Pods.debug.xcconfig"; sourceTree = "<group>"; };
		B09B26241BDDE56E0053C595 /* Airbrowz.app */ = {isa = PBXFileReference; explicitFileType = wrapper.application; includeInIndex = 0; path = Airbrowz.app; sourceTree = BUILT_PRODUCTS_DIR; };
		B09B26281BDDE56E0053C595 /* main.m */ = {isa = PBXFileReference; lastKnownFileType = sourcecode.c.objc; path = main.m; sourceTree = "<group>"; };
		B09B262A1BDDE56E0053C595 /* AppDelegate.h */ = {isa = PBXFileReference; lastKnownFileType = sourcecode.c.h; path = AppDelegate.h; sourceTree = "<group>"; };
		B09B262B1BDDE56E0053C595 /* AppDelegate.m */ = {isa = PBXFileReference; lastKnownFileType = sourcecode.c.objc; path = AppDelegate.m; sourceTree = "<group>"; };
		B09B26311BDDE56E0053C595 /* Base */ = {isa = PBXFileReference; lastKnownFileType = file.storyboard; name = Base; path = Base.lproj/Main.storyboard; sourceTree = "<group>"; };
		B09B26331BDDE56E0053C595 /* Assets.xcassets */ = {isa = PBXFileReference; lastKnownFileType = folder.assetcatalog; path = Assets.xcassets; sourceTree = "<group>"; };
		B09B26361BDDE56E0053C595 /* Base */ = {isa = PBXFileReference; lastKnownFileType = file.storyboard; name = Base; path = Base.lproj/LaunchScreen.storyboard; sourceTree = "<group>"; };
		B09B26381BDDE56E0053C595 /* Info.plist */ = {isa = PBXFileReference; lastKnownFileType = text.plist.xml; path = Info.plist; sourceTree = "<group>"; };
		B09B263D1BDDE56E0053C595 /* AirbrowzTests.xctest */ = {isa = PBXFileReference; explicitFileType = wrapper.cfbundle; includeInIndex = 0; path = AirbrowzTests.xctest; sourceTree = BUILT_PRODUCTS_DIR; };
		B09B26411BDDE56E0053C595 /* AirbrowzTests.m */ = {isa = PBXFileReference; lastKnownFileType = sourcecode.c.objc; path = AirbrowzTests.m; sourceTree = "<group>"; };
		B09B26431BDDE56E0053C595 /* Info.plist */ = {isa = PBXFileReference; lastKnownFileType = text.plist.xml; path = Info.plist; sourceTree = "<group>"; };
		B09B26481BDDE56E0053C595 /* AirbrowzUITests.xctest */ = {isa = PBXFileReference; explicitFileType = wrapper.cfbundle; includeInIndex = 0; path = AirbrowzUITests.xctest; sourceTree = BUILT_PRODUCTS_DIR; };
		B09B264C1BDDE56E0053C595 /* AirbrowzUITests.m */ = {isa = PBXFileReference; lastKnownFileType = sourcecode.c.objc; path = AirbrowzUITests.m; sourceTree = "<group>"; };
		B09B264E1BDDE56E0053C595 /* Info.plist */ = {isa = PBXFileReference; lastKnownFileType = text.plist.xml; path = Info.plist; sourceTree = "<group>"; };
		B09B265B1BDDF27C0053C595 /* MasterViewController.h */ = {isa = PBXFileReference; fileEncoding = 4; lastKnownFileType = sourcecode.c.h; path = MasterViewController.h; sourceTree = "<group>"; };
		B09B265C1BDDF27C0053C595 /* MasterViewController.m */ = {isa = PBXFileReference; fileEncoding = 4; lastKnownFileType = sourcecode.c.objc; path = MasterViewController.m; sourceTree = "<group>"; };
		B09B265F1BDE0BBF0053C595 /* DealTableViewCell.h */ = {isa = PBXFileReference; fileEncoding = 4; lastKnownFileType = sourcecode.c.h; path = DealTableViewCell.h; sourceTree = "<group>"; };
		B09B26601BDE0BBF0053C595 /* DealTableViewCell.m */ = {isa = PBXFileReference; fileEncoding = 4; lastKnownFileType = sourcecode.c.objc; path = DealTableViewCell.m; sourceTree = "<group>"; };
		B09B26651BDEBF6C0053C595 /* CategoryCollectionViewCell.h */ = {isa = PBXFileReference; fileEncoding = 4; lastKnownFileType = sourcecode.c.h; path = CategoryCollectionViewCell.h; sourceTree = "<group>"; };
		B09B26661BDEBF6C0053C595 /* CategoryCollectionViewCell.m */ = {isa = PBXFileReference; fileEncoding = 4; lastKnownFileType = sourcecode.c.objc; path = CategoryCollectionViewCell.m; sourceTree = "<group>"; };
		B09BB5411BE02F2E00E02FB3 /* CoreLocation.framework */ = {isa = PBXFileReference; lastKnownFileType = wrapper.framework; name = CoreLocation.framework; path = System/Library/Frameworks/CoreLocation.framework; sourceTree = SDKROOT; };
		B09BB5431BE0722D00E02FB3 /* AirbrowzCommons.h */ = {isa = PBXFileReference; fileEncoding = 4; lastKnownFileType = sourcecode.c.h; path = AirbrowzCommons.h; sourceTree = "<group>"; };
		B09BB5441BE0722D00E02FB3 /* AirbrowzCommons.m */ = {isa = PBXFileReference; fileEncoding = 4; lastKnownFileType = sourcecode.c.objc; path = AirbrowzCommons.m; sourceTree = "<group>"; };
		F28CEAEB145A66F234F3E7E8 /* libPods.a */ = {isa = PBXFileReference; explicitFileType = archive.ar; includeInIndex = 0; path = libPods.a; sourceTree = BUILT_PRODUCTS_DIR; };
/* End PBXFileReference section */

/* Begin PBXFrameworksBuildPhase section */
		B09B26211BDDE56E0053C595 /* Frameworks */ = {
			isa = PBXFrameworksBuildPhase;
			buildActionMask = 2147483647;
			files = (
				B09BB5421BE02F2E00E02FB3 /* CoreLocation.framework in Frameworks */,
				0E2178C551BDF5BD3B77B762 /* libPods.a in Frameworks */,
			);
			runOnlyForDeploymentPostprocessing = 0;
		};
		B09B263A1BDDE56E0053C595 /* Frameworks */ = {
			isa = PBXFrameworksBuildPhase;
			buildActionMask = 2147483647;
			files = (
			);
			runOnlyForDeploymentPostprocessing = 0;
		};
		B09B26451BDDE56E0053C595 /* Frameworks */ = {
			isa = PBXFrameworksBuildPhase;
			buildActionMask = 2147483647;
			files = (
			);
			runOnlyForDeploymentPostprocessing = 0;
		};
/* End PBXFrameworksBuildPhase section */

/* Begin PBXGroup section */
		0513E20AE4312EC568586ECF /* Pods */ = {
			isa = PBXGroup;
			children = (
				72D07EBCB1B25260B242B8AA /* Pods.debug.xcconfig */,
				2677D31B8F0637ADFB7B794E /* Pods.release.xcconfig */,
			);
			name = Pods;
			sourceTree = "<group>";
		};
		0A5318BD09EA8AB0B09F9D49 /* Frameworks */ = {
			isa = PBXGroup;
			children = (
				B09BB5411BE02F2E00E02FB3 /* CoreLocation.framework */,
				F28CEAEB145A66F234F3E7E8 /* libPods.a */,
			);
			name = Frameworks;
			sourceTree = "<group>";
		};
		B09B261B1BDDE56E0053C595 = {
			isa = PBXGroup;
			children = (
				B09B26261BDDE56E0053C595 /* Airbrowz */,
				B09B26401BDDE56E0053C595 /* AirbrowzTests */,
				B09B264B1BDDE56E0053C595 /* AirbrowzUITests */,
				B09B26251BDDE56E0053C595 /* Products */,
				0513E20AE4312EC568586ECF /* Pods */,
				0A5318BD09EA8AB0B09F9D49 /* Frameworks */,
			);
			sourceTree = "<group>";
		};
		B09B26251BDDE56E0053C595 /* Products */ = {
			isa = PBXGroup;
			children = (
				B09B26241BDDE56E0053C595 /* Airbrowz.app */,
				B09B263D1BDDE56E0053C595 /* AirbrowzTests.xctest */,
				B09B26481BDDE56E0053C595 /* AirbrowzUITests.xctest */,
			);
			name = Products;
			sourceTree = "<group>";
		};
		B09B26261BDDE56E0053C595 /* Airbrowz */ = {
			isa = PBXGroup;
			children = (
				B09B26681BDECFAE0053C595 /* Model */,
				B09B26621BDE0BC90053C595 /* View */,
				B09B265A1BDDF2350053C595 /* ViewControllers */,
				B09B262A1BDDE56E0053C595 /* AppDelegate.h */,
				B09B262B1BDDE56E0053C595 /* AppDelegate.m */,
				B09B26301BDDE56E0053C595 /* Main.storyboard */,
				B09B26331BDDE56E0053C595 /* Assets.xcassets */,
				B09B26351BDDE56E0053C595 /* LaunchScreen.storyboard */,
				B09B26381BDDE56E0053C595 /* Info.plist */,
				B09B26271BDDE56E0053C595 /* Supporting Files */,
				B09BB5431BE0722D00E02FB3 /* AirbrowzCommons.h */,
				B09BB5441BE0722D00E02FB3 /* AirbrowzCommons.m */,
			);
			path = Airbrowz;
			sourceTree = "<group>";
		};
		B09B26271BDDE56E0053C595 /* Supporting Files */ = {
			isa = PBXGroup;
			children = (
				B09B26281BDDE56E0053C595 /* main.m */,
			);
			name = "Supporting Files";
			sourceTree = "<group>";
		};
		B09B26401BDDE56E0053C595 /* AirbrowzTests */ = {
			isa = PBXGroup;
			children = (
				B09B26411BDDE56E0053C595 /* AirbrowzTests.m */,
				B09B26431BDDE56E0053C595 /* Info.plist */,
			);
			path = AirbrowzTests;
			sourceTree = "<group>";
		};
		B09B264B1BDDE56E0053C595 /* AirbrowzUITests */ = {
			isa = PBXGroup;
			children = (
				B09B264C1BDDE56E0053C595 /* AirbrowzUITests.m */,
				B09B264E1BDDE56E0053C595 /* Info.plist */,
			);
			path = AirbrowzUITests;
			sourceTree = "<group>";
		};
		B09B265A1BDDF2350053C595 /* ViewControllers */ = {
			isa = PBXGroup;
			children = (
				B09B265B1BDDF27C0053C595 /* MasterViewController.h */,
				B09B265C1BDDF27C0053C595 /* MasterViewController.m */,
			);
			name = ViewControllers;
			sourceTree = "<group>";
		};
		B09B26621BDE0BC90053C595 /* View */ = {
			isa = PBXGroup;
			children = (
				B09B265F1BDE0BBF0053C595 /* DealTableViewCell.h */,
				B09B26601BDE0BBF0053C595 /* DealTableViewCell.m */,
				B09B26651BDEBF6C0053C595 /* CategoryCollectionViewCell.h */,
				B09B26661BDEBF6C0053C595 /* CategoryCollectionViewCell.m */,
			);
			name = View;
			sourceTree = "<group>";
		};
		B09B26681BDECFAE0053C595 /* Model */ = {
			isa = PBXGroup;
			children = (
			);
			name = Model;
			sourceTree = "<group>";
		};
/* End PBXGroup section */

/* Begin PBXNativeTarget section */
		B09B26231BDDE56E0053C595 /* Airbrowz */ = {
			isa = PBXNativeTarget;
			buildConfigurationList = B09B26511BDDE56E0053C595 /* Build configuration list for PBXNativeTarget "Airbrowz" */;
			buildPhases = (
				86D2E0CB925D746A82A5190D /* Check Pods Manifest.lock */,
				B09B26201BDDE56E0053C595 /* Sources */,
				B09B26211BDDE56E0053C595 /* Frameworks */,
				B09B26221BDDE56E0053C595 /* Resources */,
				90001E65BBA8B1913D0D9420 /* Embed Pods Frameworks */,
				A67DF6C2A4AF5E387DDB7A2C /* Copy Pods Resources */,
			);
			buildRules = (
			);
			dependencies = (
			);
			name = Airbrowz;
			productName = Airbrowz;
			productReference = B09B26241BDDE56E0053C595 /* Airbrowz.app */;
			productType = "com.apple.product-type.application";
		};
		B09B263C1BDDE56E0053C595 /* AirbrowzTests */ = {
			isa = PBXNativeTarget;
			buildConfigurationList = B09B26541BDDE56E0053C595 /* Build configuration list for PBXNativeTarget "AirbrowzTests" */;
			buildPhases = (
				B09B26391BDDE56E0053C595 /* Sources */,
				B09B263A1BDDE56E0053C595 /* Frameworks */,
				B09B263B1BDDE56E0053C595 /* Resources */,
			);
			buildRules = (
			);
			dependencies = (
				B09B263F1BDDE56E0053C595 /* PBXTargetDependency */,
			);
			name = AirbrowzTests;
			productName = AirbrowzTests;
			productReference = B09B263D1BDDE56E0053C595 /* AirbrowzTests.xctest */;
			productType = "com.apple.product-type.bundle.unit-test";
		};
		B09B26471BDDE56E0053C595 /* AirbrowzUITests */ = {
			isa = PBXNativeTarget;
			buildConfigurationList = B09B26571BDDE56E0053C595 /* Build configuration list for PBXNativeTarget "AirbrowzUITests" */;
			buildPhases = (
				B09B26441BDDE56E0053C595 /* Sources */,
				B09B26451BDDE56E0053C595 /* Frameworks */,
				B09B26461BDDE56E0053C595 /* Resources */,
			);
			buildRules = (
			);
			dependencies = (
				B09B264A1BDDE56E0053C595 /* PBXTargetDependency */,
			);
			name = AirbrowzUITests;
			productName = AirbrowzUITests;
			productReference = B09B26481BDDE56E0053C595 /* AirbrowzUITests.xctest */;
			productType = "com.apple.product-type.bundle.ui-testing";
		};
/* End PBXNativeTarget section */

/* Begin PBXProject section */
		B09B261C1BDDE56E0053C595 /* Project object */ = {
			isa = PBXProject;
			attributes = {
				LastUpgradeCheck = 0700;
				ORGANIZATIONNAME = Kiwi;
				TargetAttributes = {
					B09B26231BDDE56E0053C595 = {
						CreatedOnToolsVersion = 7.0.1;
						DevelopmentTeam = U5PZ3G36XK;
					};
					B09B263C1BDDE56E0053C595 = {
						CreatedOnToolsVersion = 7.0.1;
						TestTargetID = B09B26231BDDE56E0053C595;
					};
					B09B26471BDDE56E0053C595 = {
						CreatedOnToolsVersion = 7.0.1;
						TestTargetID = B09B26231BDDE56E0053C595;
					};
				};
			};
			buildConfigurationList = B09B261F1BDDE56E0053C595 /* Build configuration list for PBXProject "Airbrowz" */;
			compatibilityVersion = "Xcode 3.2";
			developmentRegion = English;
			hasScannedForEncodings = 0;
			knownRegions = (
				en,
				Base,
			);
			mainGroup = B09B261B1BDDE56E0053C595;
			productRefGroup = B09B26251BDDE56E0053C595 /* Products */;
			projectDirPath = "";
			projectRoot = "";
			targets = (
				B09B26231BDDE56E0053C595 /* Airbrowz */,
				B09B263C1BDDE56E0053C595 /* AirbrowzTests */,
				B09B26471BDDE56E0053C595 /* AirbrowzUITests */,
			);
		};
/* End PBXProject section */

/* Begin PBXResourcesBuildPhase section */
		B09B26221BDDE56E0053C595 /* Resources */ = {
			isa = PBXResourcesBuildPhase;
			buildActionMask = 2147483647;
			files = (
				B09B26371BDDE56E0053C595 /* LaunchScreen.storyboard in Resources */,
				B09B26341BDDE56E0053C595 /* Assets.xcassets in Resources */,
				B09B26321BDDE56E0053C595 /* Main.storyboard in Resources */,
			);
			runOnlyForDeploymentPostprocessing = 0;
		};
		B09B263B1BDDE56E0053C595 /* Resources */ = {
			isa = PBXResourcesBuildPhase;
			buildActionMask = 2147483647;
			files = (
			);
			runOnlyForDeploymentPostprocessing = 0;
		};
		B09B26461BDDE56E0053C595 /* Resources */ = {
			isa = PBXResourcesBuildPhase;
			buildActionMask = 2147483647;
			files = (
			);
			runOnlyForDeploymentPostprocessing = 0;
		};
/* End PBXResourcesBuildPhase section */

/* Begin PBXShellScriptBuildPhase section */
		86D2E0CB925D746A82A5190D /* Check Pods Manifest.lock */ = {
			isa = PBXShellScriptBuildPhase;
			buildActionMask = 2147483647;
			files = (
			);
			inputPaths = (
			);
			name = "Check Pods Manifest.lock";
			outputPaths = (
			);
			runOnlyForDeploymentPostprocessing = 0;
			shellPath = /bin/sh;
			shellScript = "diff \"${PODS_ROOT}/../Podfile.lock\" \"${PODS_ROOT}/Manifest.lock\" > /dev/null\nif [[ $? != 0 ]] ; then\n    cat << EOM\nerror: The sandbox is not in sync with the Podfile.lock. Run 'pod install' or update your CocoaPods installation.\nEOM\n    exit 1\nfi\n";
			showEnvVarsInLog = 0;
		};
		90001E65BBA8B1913D0D9420 /* Embed Pods Frameworks */ = {
			isa = PBXShellScriptBuildPhase;
			buildActionMask = 2147483647;
			files = (
			);
			inputPaths = (
			);
			name = "Embed Pods Frameworks";
			outputPaths = (
			);
			runOnlyForDeploymentPostprocessing = 0;
			shellPath = /bin/sh;
			shellScript = "\"${SRCROOT}/Pods/Target Support Files/Pods/Pods-frameworks.sh\"\n";
			showEnvVarsInLog = 0;
		};
		A67DF6C2A4AF5E387DDB7A2C /* Copy Pods Resources */ = {
			isa = PBXShellScriptBuildPhase;
			buildActionMask = 2147483647;
			files = (
			);
			inputPaths = (
			);
			name = "Copy Pods Resources";
			outputPaths = (
			);
			runOnlyForDeploymentPostprocessing = 0;
			shellPath = /bin/sh;
			shellScript = "\"${SRCROOT}/Pods/Target Support Files/Pods/Pods-resources.sh\"\n";
			showEnvVarsInLog = 0;
		};
/* End PBXShellScriptBuildPhase section */

/* Begin PBXSourcesBuildPhase section */
		B09B26201BDDE56E0053C595 /* Sources */ = {
			isa = PBXSourcesBuildPhase;
			buildActionMask = 2147483647;
			files = (
				B09B26671BDEBF6C0053C595 /* CategoryCollectionViewCell.m in Sources */,
				B09B262C1BDDE56E0053C595 /* AppDelegate.m in Sources */,
				B09B265D1BDDF27C0053C595 /* MasterViewController.m in Sources */,
				B09B26291BDDE56E0053C595 /* main.m in Sources */,
				B09B26611BDE0BBF0053C595 /* DealTableViewCell.m in Sources */,
				B09BB5451BE0722D00E02FB3 /* AirbrowzCommons.m in Sources */,
			);
			runOnlyForDeploymentPostprocessing = 0;
		};
		B09B26391BDDE56E0053C595 /* Sources */ = {
			isa = PBXSourcesBuildPhase;
			buildActionMask = 2147483647;
			files = (
				B09B26421BDDE56E0053C595 /* AirbrowzTests.m in Sources */,
			);
			runOnlyForDeploymentPostprocessing = 0;
		};
		B09B26441BDDE56E0053C595 /* Sources */ = {
			isa = PBXSourcesBuildPhase;
			buildActionMask = 2147483647;
			files = (
				B09B264D1BDDE56E0053C595 /* AirbrowzUITests.m in Sources */,
			);
			runOnlyForDeploymentPostprocessing = 0;
		};
/* End PBXSourcesBuildPhase section */

/* Begin PBXTargetDependency section */
		B09B263F1BDDE56E0053C595 /* PBXTargetDependency */ = {
			isa = PBXTargetDependency;
			target = B09B26231BDDE56E0053C595 /* Airbrowz */;
			targetProxy = B09B263E1BDDE56E0053C595 /* PBXContainerItemProxy */;
		};
		B09B264A1BDDE56E0053C595 /* PBXTargetDependency */ = {
			isa = PBXTargetDependency;
			target = B09B26231BDDE56E0053C595 /* Airbrowz */;
			targetProxy = B09B26491BDDE56E0053C595 /* PBXContainerItemProxy */;
		};
/* End PBXTargetDependency section */

/* Begin PBXVariantGroup section */
		B09B26301BDDE56E0053C595 /* Main.storyboard */ = {
			isa = PBXVariantGroup;
			children = (
				B09B26311BDDE56E0053C595 /* Base */,
			);
			name = Main.storyboard;
			sourceTree = "<group>";
		};
		B09B26351BDDE56E0053C595 /* LaunchScreen.storyboard */ = {
			isa = PBXVariantGroup;
			children = (
				B09B26361BDDE56E0053C595 /* Base */,
			);
			name = LaunchScreen.storyboard;
			sourceTree = "<group>";
		};
/* End PBXVariantGroup section */

/* Begin XCBuildConfiguration section */
		B09B264F1BDDE56E0053C595 /* Debug */ = {
			isa = XCBuildConfiguration;
			buildSettings = {
				ALWAYS_SEARCH_USER_PATHS = NO;
				CLANG_CXX_LANGUAGE_STANDARD = "gnu++0x";
				CLANG_CXX_LIBRARY = "libc++";
				CLANG_ENABLE_MODULES = YES;
				CLANG_ENABLE_OBJC_ARC = YES;
				CLANG_WARN_BOOL_CONVERSION = YES;
				CLANG_WARN_CONSTANT_CONVERSION = YES;
				CLANG_WARN_DIRECT_OBJC_ISA_USAGE = YES_ERROR;
				CLANG_WARN_EMPTY_BODY = YES;
				CLANG_WARN_ENUM_CONVERSION = YES;
				CLANG_WARN_INT_CONVERSION = YES;
				CLANG_WARN_OBJC_ROOT_CLASS = YES_ERROR;
				CLANG_WARN_UNREACHABLE_CODE = YES;
				CLANG_WARN__DUPLICATE_METHOD_MATCH = YES;
				"CODE_SIGN_IDENTITY[sdk=iphoneos*]" = "iPhone Developer";
				COPY_PHASE_STRIP = NO;
				DEBUG_INFORMATION_FORMAT = dwarf;
				ENABLE_STRICT_OBJC_MSGSEND = YES;
				ENABLE_TESTABILITY = YES;
				GCC_C_LANGUAGE_STANDARD = gnu99;
				GCC_DYNAMIC_NO_PIC = NO;
				GCC_NO_COMMON_BLOCKS = YES;
				GCC_OPTIMIZATION_LEVEL = 0;
				GCC_PREPROCESSOR_DEFINITIONS = (
					"DEBUG=1",
					"$(inherited)",
				);
				GCC_WARN_64_TO_32_BIT_CONVERSION = YES;
				GCC_WARN_ABOUT_RETURN_TYPE = YES_ERROR;
				GCC_WARN_UNDECLARED_SELECTOR = YES;
				GCC_WARN_UNINITIALIZED_AUTOS = YES_AGGRESSIVE;
				GCC_WARN_UNUSED_FUNCTION = YES;
				GCC_WARN_UNUSED_VARIABLE = YES;
				IPHONEOS_DEPLOYMENT_TARGET = 8.0;
				MTL_ENABLE_DEBUG_INFO = YES;
				ONLY_ACTIVE_ARCH = YES;
				SDKROOT = iphoneos;
			};
			name = Debug;
		};
		B09B26501BDDE56E0053C595 /* Release */ = {
			isa = XCBuildConfiguration;
			buildSettings = {
				ALWAYS_SEARCH_USER_PATHS = NO;
				CLANG_CXX_LANGUAGE_STANDARD = "gnu++0x";
				CLANG_CXX_LIBRARY = "libc++";
				CLANG_ENABLE_MODULES = YES;
				CLANG_ENABLE_OBJC_ARC = YES;
				CLANG_WARN_BOOL_CONVERSION = YES;
				CLANG_WARN_CONSTANT_CONVERSION = YES;
				CLANG_WARN_DIRECT_OBJC_ISA_USAGE = YES_ERROR;
				CLANG_WARN_EMPTY_BODY = YES;
				CLANG_WARN_ENUM_CONVERSION = YES;
				CLANG_WARN_INT_CONVERSION = YES;
				CLANG_WARN_OBJC_ROOT_CLASS = YES_ERROR;
				CLANG_WARN_UNREACHABLE_CODE = YES;
				CLANG_WARN__DUPLICATE_METHOD_MATCH = YES;
				"CODE_SIGN_IDENTITY[sdk=iphoneos*]" = "iPhone Developer";
				COPY_PHASE_STRIP = NO;
				DEBUG_INFORMATION_FORMAT = "dwarf-with-dsym";
				ENABLE_NS_ASSERTIONS = NO;
				ENABLE_STRICT_OBJC_MSGSEND = YES;
				GCC_C_LANGUAGE_STANDARD = gnu99;
				GCC_NO_COMMON_BLOCKS = YES;
				GCC_WARN_64_TO_32_BIT_CONVERSION = YES;
				GCC_WARN_ABOUT_RETURN_TYPE = YES_ERROR;
				GCC_WARN_UNDECLARED_SELECTOR = YES;
				GCC_WARN_UNINITIALIZED_AUTOS = YES_AGGRESSIVE;
				GCC_WARN_UNUSED_FUNCTION = YES;
				GCC_WARN_UNUSED_VARIABLE = YES;
				IPHONEOS_DEPLOYMENT_TARGET = 8.0;
				MTL_ENABLE_DEBUG_INFO = NO;
				SDKROOT = iphoneos;
				VALIDATE_PRODUCT = YES;
			};
			name = Release;
		};
		B09B26521BDDE56E0053C595 /* Debug */ = {
			isa = XCBuildConfiguration;
			baseConfigurationReference = 72D07EBCB1B25260B242B8AA /* Pods.debug.xcconfig */;
			buildSettings = {
				ASSETCATALOG_COMPILER_APPICON_NAME = AppIcon;
				CODE_SIGN_IDENTITY = "iPhone Developer";
				INFOPLIST_FILE = Airbrowz/Info.plist;
				IPHONEOS_DEPLOYMENT_TARGET = 8.0;
				LD_RUNPATH_SEARCH_PATHS = "$(inherited) @executable_path/Frameworks";
				PRODUCT_BUNDLE_IDENTIFIER = ai.kiwi.airbrowz;
				PRODUCT_NAME = "$(TARGET_NAME)";
			};
			name = Debug;
		};
		B09B26531BDDE56E0053C595 /* Release */ = {
			isa = XCBuildConfiguration;
			baseConfigurationReference = 2677D31B8F0637ADFB7B794E /* Pods.release.xcconfig */;
			buildSettings = {
				ASSETCATALOG_COMPILER_APPICON_NAME = AppIcon;
				CODE_SIGN_IDENTITY = "iPhone Developer";
				INFOPLIST_FILE = Airbrowz/Info.plist;
				IPHONEOS_DEPLOYMENT_TARGET = 8.0;
				LD_RUNPATH_SEARCH_PATHS = "$(inherited) @executable_path/Frameworks";
				PRODUCT_BUNDLE_IDENTIFIER = ai.kiwi.airbrowz;
				PRODUCT_NAME = "$(TARGET_NAME)";
			};
			name = Release;
		};
		B09B26551BDDE56E0053C595 /* Debug */ = {
			isa = XCBuildConfiguration;
			buildSettings = {
				BUNDLE_LOADER = "$(TEST_HOST)";
				INFOPLIST_FILE = AirbrowzTests/Info.plist;
				LD_RUNPATH_SEARCH_PATHS = "$(inherited) @executable_path/Frameworks @loader_path/Frameworks";
				PRODUCT_BUNDLE_IDENTIFIER = ai.kiwi.AirbrowzTests;
				PRODUCT_NAME = "$(TARGET_NAME)";
				TEST_HOST = "$(BUILT_PRODUCTS_DIR)/Airbrowz.app/Airbrowz";
			};
			name = Debug;
		};
		B09B26561BDDE56E0053C595 /* Release */ = {
			isa = XCBuildConfiguration;
			buildSettings = {
				BUNDLE_LOADER = "$(TEST_HOST)";
				INFOPLIST_FILE = AirbrowzTests/Info.plist;
				LD_RUNPATH_SEARCH_PATHS = "$(inherited) @executable_path/Frameworks @loader_path/Frameworks";
				PRODUCT_BUNDLE_IDENTIFIER = ai.kiwi.AirbrowzTests;
				PRODUCT_NAME = "$(TARGET_NAME)";
				TEST_HOST = "$(BUILT_PRODUCTS_DIR)/Airbrowz.app/Airbrowz";
			};
			name = Release;
		};
		B09B26581BDDE56E0053C595 /* Debug */ = {
			isa = XCBuildConfiguration;
			buildSettings = {
				INFOPLIST_FILE = AirbrowzUITests/Info.plist;
				LD_RUNPATH_SEARCH_PATHS = "$(inherited) @executable_path/Frameworks @loader_path/Frameworks";
				PRODUCT_BUNDLE_IDENTIFIER = ai.kiwi.AirbrowzUITests;
				PRODUCT_NAME = "$(TARGET_NAME)";
				TEST_TARGET_NAME = Airbrowz;
				USES_XCTRUNNER = YES;
			};
			name = Debug;
		};
		B09B26591BDDE56E0053C595 /* Release */ = {
			isa = XCBuildConfiguration;
			buildSettings = {
				INFOPLIST_FILE = AirbrowzUITests/Info.plist;
				LD_RUNPATH_SEARCH_PATHS = "$(inherited) @executable_path/Frameworks @loader_path/Frameworks";
				PRODUCT_BUNDLE_IDENTIFIER = ai.kiwi.AirbrowzUITests;
				PRODUCT_NAME = "$(TARGET_NAME)";
				TEST_TARGET_NAME = Airbrowz;
				USES_XCTRUNNER = YES;
			};
			name = Release;
		};
/* End XCBuildConfiguration section */

/* Begin XCConfigurationList section */
		B09B261F1BDDE56E0053C595 /* Build configuration list for PBXProject "Airbrowz" */ = {
			isa = XCConfigurationList;
			buildConfigurations = (
				B09B264F1BDDE56E0053C595 /* Debug */,
				B09B26501BDDE56E0053C595 /* Release */,
			);
			defaultConfigurationIsVisible = 0;
			defaultConfigurationName = Release;
		};
		B09B26511BDDE56E0053C595 /* Build configuration list for PBXNativeTarget "Airbrowz" */ = {
			isa = XCConfigurationList;
			buildConfigurations = (
				B09B26521BDDE56E0053C595 /* Debug */,
				B09B26531BDDE56E0053C595 /* Release */,
			);
			defaultConfigurationIsVisible = 0;
			defaultConfigurationName = Release;
		};
		B09B26541BDDE56E0053C595 /* Build configuration list for PBXNativeTarget "AirbrowzTests" */ = {
			isa = XCConfigurationList;
			buildConfigurations = (
				B09B26551BDDE56E0053C595 /* Debug */,
				B09B26561BDDE56E0053C595 /* Release */,
			);
			defaultConfigurationIsVisible = 0;
			defaultConfigurationName = Release;
		};
		B09B26571BDDE56E0053C595 /* Build configuration list for PBXNativeTarget "AirbrowzUITests" */ = {
			isa = XCConfigurationList;
			buildConfigurations = (
				B09B26581BDDE56E0053C595 /* Debug */,
				B09B26591BDDE56E0053C595 /* Release */,
			);
			defaultConfigurationIsVisible = 0;
			defaultConfigurationName = Release;
		};
/* End XCConfigurationList section */
	};
	rootObject = B09B261C1BDDE56E0053C595 /* Project object */;
}
